// !$*UTF8*$!
{
	archiveVersion = 1;
	classes = {
	};
	objectVersion = 46;
	objects = {

/* Begin PBXBuildFile section */
		274C550E1DBBE2E400F7D0D2 /* AppDelegate.swift in Sources */ = {isa = PBXBuildFile; fileRef = 274C550D1DBBE2E400F7D0D2 /* AppDelegate.swift */; };
		274C55101DBBE2E400F7D0D2 /* GameController.swift in Sources */ = {isa = PBXBuildFile; fileRef = 274C550F1DBBE2E400F7D0D2 /* GameController.swift */; };
		274C55151DBBE2E400F7D0D2 /* Assets.xcassets in Resources */ = {isa = PBXBuildFile; fileRef = 274C55141DBBE2E400F7D0D2 /* Assets.xcassets */; };
		274C55181DBBE2E400F7D0D2 /* LaunchScreen.storyboard in Resources */ = {isa = PBXBuildFile; fileRef = 274C55161DBBE2E400F7D0D2 /* LaunchScreen.storyboard */; };
		27A443141DBFC5A30066207F /* HelperTypes.swift in Sources */ = {isa = PBXBuildFile; fileRef = 27A443131DBFC5A30066207F /* HelperTypes.swift */; };
		27A443161DBFC5B00066207F /* Events.plist in Resources */ = {isa = PBXBuildFile; fileRef = 27A443151DBFC5B00066207F /* Events.plist */; };
		27A4431A1DBFD81A0066207F /* IncorrectBuzz.wav in Resources */ = {isa = PBXBuildFile; fileRef = 27A443181DBFD81A0066207F /* IncorrectBuzz.wav */; };
		27A4431B1DBFD81A0066207F /* CorrectDing.wav in Resources */ = {isa = PBXBuildFile; fileRef = 27A443191DBFD81A0066207F /* CorrectDing.wav */; };
		27A4431E1DC007D70066207F /* ErrorTypes.swift in Sources */ = {isa = PBXBuildFile; fileRef = 27A4431D1DC007D70066207F /* ErrorTypes.swift */; };
		27A443241DC0EB840066207F /* InstructionsController.swift in Sources */ = {isa = PBXBuildFile; fileRef = 27A443231DC0EB840066207F /* InstructionsController.swift */; };
		27A4432A1DC25FC40066207F /* GameResultController.swift in Sources */ = {isa = PBXBuildFile; fileRef = 27A443291DC25FC40066207F /* GameResultController.swift */; };
		27A4432C1DC29EAC0066207F /* InfoController.swift in Sources */ = {isa = PBXBuildFile; fileRef = 27A4432B1DC29EAC0066207F /* InfoController.swift */; };
		4439FCC71DC14BFC006A7814 /* UIImage.swift in Sources */ = {isa = PBXBuildFile; fileRef = 4439FCC61DC14BFC006A7814 /* UIImage.swift */; };
		44632E481DC7A77E00681C8A /* ButtonPress.wav in Resources */ = {isa = PBXBuildFile; fileRef = 44632E471DC7A77E00681C8A /* ButtonPress.wav */; };
		446A64AC1DC025F700D569CD /* Protocols.swift in Sources */ = {isa = PBXBuildFile; fileRef = 446A64AB1DC025F700D569CD /* Protocols.swift */; };
		446A64AE1DC0265800D569CD /* BoutTimeGame.swift in Sources */ = {isa = PBXBuildFile; fileRef = 446A64AD1DC0265800D569CD /* BoutTimeGame.swift */; };
		446A64B11DC0D1FF00D569CD /* UIViewExtension.swift in Sources */ = {isa = PBXBuildFile; fileRef = 446A64B01DC0D1FF00D569CD /* UIViewExtension.swift */; };
		448FC0E11DC2D581002D517F /* Main.storyboard in Resources */ = {isa = PBXBuildFile; fileRef = 448FC0DF1DC2D581002D517F /* Main.storyboard */; };
/* End PBXBuildFile section */

/* Begin PBXFileReference section */
		274C550A1DBBE2E400F7D0D2 /* BoutTime.app */ = {isa = PBXFileReference; explicitFileType = wrapper.application; includeInIndex = 0; path = BoutTime.app; sourceTree = BUILT_PRODUCTS_DIR; };
		274C550D1DBBE2E400F7D0D2 /* AppDelegate.swift */ = {isa = PBXFileReference; lastKnownFileType = sourcecode.swift; path = AppDelegate.swift; sourceTree = "<group>"; };
		274C550F1DBBE2E400F7D0D2 /* GameController.swift */ = {isa = PBXFileReference; lastKnownFileType = sourcecode.swift; path = GameController.swift; sourceTree = "<group>"; };
		274C55141DBBE2E400F7D0D2 /* Assets.xcassets */ = {isa = PBXFileReference; lastKnownFileType = folder.assetcatalog; path = Assets.xcassets; sourceTree = "<group>"; };
		274C55171DBBE2E400F7D0D2 /* Base */ = {isa = PBXFileReference; lastKnownFileType = file.storyboard; name = Base; path = Base.lproj/LaunchScreen.storyboard; sourceTree = "<group>"; };
		274C55191DBBE2E400F7D0D2 /* Info.plist */ = {isa = PBXFileReference; lastKnownFileType = text.plist.xml; path = Info.plist; sourceTree = "<group>"; };
		27A443131DBFC5A30066207F /* HelperTypes.swift */ = {isa = PBXFileReference; fileEncoding = 4; lastKnownFileType = sourcecode.swift; path = HelperTypes.swift; sourceTree = "<group>"; };
		27A443151DBFC5B00066207F /* Events.plist */ = {isa = PBXFileReference; fileEncoding = 4; lastKnownFileType = text.plist.xml; path = Events.plist; sourceTree = "<group>"; };
		27A443181DBFD81A0066207F /* IncorrectBuzz.wav */ = {isa = PBXFileReference; lastKnownFileType = audio.wav; path = IncorrectBuzz.wav; sourceTree = "<group>"; };
		27A443191DBFD81A0066207F /* CorrectDing.wav */ = {isa = PBXFileReference; lastKnownFileType = audio.wav; path = CorrectDing.wav; sourceTree = "<group>"; };
		27A4431D1DC007D70066207F /* ErrorTypes.swift */ = {isa = PBXFileReference; fileEncoding = 4; lastKnownFileType = sourcecode.swift; path = ErrorTypes.swift; sourceTree = "<group>"; };
		27A443231DC0EB840066207F /* InstructionsController.swift */ = {isa = PBXFileReference; fileEncoding = 4; lastKnownFileType = sourcecode.swift; path = InstructionsController.swift; sourceTree = "<group>"; };
		27A443291DC25FC40066207F /* GameResultController.swift */ = {isa = PBXFileReference; fileEncoding = 4; lastKnownFileType = sourcecode.swift; path = GameResultController.swift; sourceTree = "<group>"; };
		27A4432B1DC29EAC0066207F /* InfoController.swift */ = {isa = PBXFileReference; fileEncoding = 4; lastKnownFileType = sourcecode.swift; path = InfoController.swift; sourceTree = "<group>"; };
		4439FCC61DC14BFC006A7814 /* UIImage.swift */ = {isa = PBXFileReference; fileEncoding = 4; lastKnownFileType = sourcecode.swift; path = UIImage.swift; sourceTree = "<group>"; };
		44632E471DC7A77E00681C8A /* ButtonPress.wav */ = {isa = PBXFileReference; lastKnownFileType = audio.wav; path = ButtonPress.wav; sourceTree = "<group>"; };
		446A64AB1DC025F700D569CD /* Protocols.swift */ = {isa = PBXFileReference; fileEncoding = 4; lastKnownFileType = sourcecode.swift; path = Protocols.swift; sourceTree = "<group>"; };
		446A64AD1DC0265800D569CD /* BoutTimeGame.swift */ = {isa = PBXFileReference; fileEncoding = 4; lastKnownFileType = sourcecode.swift; path = BoutTimeGame.swift; sourceTree = "<group>"; };
		446A64B01DC0D1FF00D569CD /* UIViewExtension.swift */ = {isa = PBXFileReference; fileEncoding = 4; lastKnownFileType = sourcecode.swift; path = UIViewExtension.swift; sourceTree = "<group>"; };
		448FC0E01DC2D581002D517F /* Base */ = {isa = PBXFileReference; lastKnownFileType = file.storyboard; name = Base; path = Base.lproj/Main.storyboard; sourceTree = "<group>"; };
/* End PBXFileReference section */

/* Begin PBXFrameworksBuildPhase section */
		274C55071DBBE2E400F7D0D2 /* Frameworks */ = {
			isa = PBXFrameworksBuildPhase;
			buildActionMask = 2147483647;
			files = (
			);
			runOnlyForDeploymentPostprocessing = 0;
		};
/* End PBXFrameworksBuildPhase section */

/* Begin PBXGroup section */
		274C55011DBBE2E400F7D0D2 = {
			isa = PBXGroup;
			children = (
				274C550C1DBBE2E400F7D0D2 /* BoutTime */,
				274C550B1DBBE2E400F7D0D2 /* Products */,
			);
			sourceTree = "<group>";
		};
		274C550B1DBBE2E400F7D0D2 /* Products */ = {
			isa = PBXGroup;
			children = (
				274C550A1DBBE2E400F7D0D2 /* BoutTime.app */,
			);
			name = Products;
			sourceTree = "<group>";
		};
		274C550C1DBBE2E400F7D0D2 /* BoutTime */ = {
			isa = PBXGroup;
			children = (
				27A443171DBFCF730066207F /* Model */,
				446A64AF1DC0D1E500D569CD /* ViewExtensions */,
				27A443201DC0EB4F0066207F /* Controllers */,
				27A4431C1DBFF7DF0066207F /* Resources */,
				27A4431F1DC0EB3E0066207F /* Storyboards */,
				274C550D1DBBE2E400F7D0D2 /* AppDelegate.swift */,
			);
			path = BoutTime;
			sourceTree = "<group>";
		};
		27A443171DBFCF730066207F /* Model */ = {
			isa = PBXGroup;
			children = (
				27A443131DBFC5A30066207F /* HelperTypes.swift */,
				27A4431D1DC007D70066207F /* ErrorTypes.swift */,
				446A64AB1DC025F700D569CD /* Protocols.swift */,
				446A64AD1DC0265800D569CD /* BoutTimeGame.swift */,
			);
			name = Model;
			sourceTree = "<group>";
		};
		27A4431C1DBFF7DF0066207F /* Resources */ = {
			isa = PBXGroup;
			children = (
				274C55141DBBE2E400F7D0D2 /* Assets.xcassets */,
				274C55191DBBE2E400F7D0D2 /* Info.plist */,
				27A443151DBFC5B00066207F /* Events.plist */,
				44B485A71DBCF62F00C7475E /* Sounds */,
			);
			name = Resources;
			sourceTree = "<group>";
		};
		27A4431F1DC0EB3E0066207F /* Storyboards */ = {
			isa = PBXGroup;
			children = (
				448FC0DF1DC2D581002D517F /* Main.storyboard */,
				274C55161DBBE2E400F7D0D2 /* LaunchScreen.storyboard */,
			);
			name = Storyboards;
			sourceTree = "<group>";
		};
		27A443201DC0EB4F0066207F /* Controllers */ = {
			isa = PBXGroup;
			children = (
				274C550F1DBBE2E400F7D0D2 /* GameController.swift */,
				27A443231DC0EB840066207F /* InstructionsController.swift */,
				27A443291DC25FC40066207F /* GameResultController.swift */,
				27A4432B1DC29EAC0066207F /* InfoController.swift */,
			);
			name = Controllers;
			sourceTree = "<group>";
		};
		446A64AF1DC0D1E500D569CD /* ViewExtensions */ = {
			isa = PBXGroup;
			children = (
				446A64B01DC0D1FF00D569CD /* UIViewExtension.swift */,
				4439FCC61DC14BFC006A7814 /* UIImage.swift */,
			);
			name = ViewExtensions;
			sourceTree = "<group>";
		};
		44B485A71DBCF62F00C7475E /* Sounds */ = {
			isa = PBXGroup;
			children = (
				44632E471DC7A77E00681C8A /* ButtonPress.wav */,
				27A443181DBFD81A0066207F /* IncorrectBuzz.wav */,
				27A443191DBFD81A0066207F /* CorrectDing.wav */,
			);
			name = Sounds;
			sourceTree = "<group>";
		};
/* End PBXGroup section */

/* Begin PBXNativeTarget section */
		274C55091DBBE2E400F7D0D2 /* BoutTime */ = {
			isa = PBXNativeTarget;
			buildConfigurationList = 274C551C1DBBE2E400F7D0D2 /* Build configuration list for PBXNativeTarget "BoutTime" */;
			buildPhases = (
				274C55061DBBE2E400F7D0D2 /* Sources */,
				274C55071DBBE2E400F7D0D2 /* Frameworks */,
				274C55081DBBE2E400F7D0D2 /* Resources */,
			);
			buildRules = (
			);
			dependencies = (
			);
			name = BoutTime;
			productName = BoutTime;
			productReference = 274C550A1DBBE2E400F7D0D2 /* BoutTime.app */;
			productType = "com.apple.product-type.application";
		};
/* End PBXNativeTarget section */

/* Begin PBXProject section */
		274C55021DBBE2E400F7D0D2 /* Project object */ = {
			isa = PBXProject;
			attributes = {
				LastSwiftUpdateCheck = 0800;
				LastUpgradeCheck = 0810;
				ORGANIZATIONNAME = "Katherine Ebel";
				TargetAttributes = {
					274C55091DBBE2E400F7D0D2 = {
						CreatedOnToolsVersion = 8.0;
						DevelopmentTeam = 8FN9PNN474;
						ProvisioningStyle = Automatic;
					};
				};
			};
			buildConfigurationList = 274C55051DBBE2E400F7D0D2 /* Build configuration list for PBXProject "BoutTime" */;
			compatibilityVersion = "Xcode 3.2";
			developmentRegion = English;
			hasScannedForEncodings = 0;
			knownRegions = (
				en,
				Base,
			);
			mainGroup = 274C55011DBBE2E400F7D0D2;
			productRefGroup = 274C550B1DBBE2E400F7D0D2 /* Products */;
			projectDirPath = "";
			projectRoot = "";
			targets = (
				274C55091DBBE2E400F7D0D2 /* BoutTime */,
			);
		};
/* End PBXProject section */

/* Begin PBXResourcesBuildPhase section */
		274C55081DBBE2E400F7D0D2 /* Resources */ = {
			isa = PBXResourcesBuildPhase;
			buildActionMask = 2147483647;
			files = (
				274C55181DBBE2E400F7D0D2 /* LaunchScreen.storyboard in Resources */,
				27A4431B1DBFD81A0066207F /* CorrectDing.wav in Resources */,
				44632E481DC7A77E00681C8A /* ButtonPress.wav in Resources */,
				27A4431A1DBFD81A0066207F /* IncorrectBuzz.wav in Resources */,
				448FC0E11DC2D581002D517F /* Main.storyboard in Resources */,
				274C55151DBBE2E400F7D0D2 /* Assets.xcassets in Resources */,
				27A443161DBFC5B00066207F /* Events.plist in Resources */,
			);
			runOnlyForDeploymentPostprocessing = 0;
		};
/* End PBXResourcesBuildPhase section */

/* Begin PBXSourcesBuildPhase section */
		274C55061DBBE2E400F7D0D2 /* Sources */ = {
			isa = PBXSourcesBuildPhase;
			buildActionMask = 2147483647;
			files = (
				27A443241DC0EB840066207F /* InstructionsController.swift in Sources */,
				4439FCC71DC14BFC006A7814 /* UIImage.swift in Sources */,
				446A64AC1DC025F700D569CD /* Protocols.swift in Sources */,
				274C55101DBBE2E400F7D0D2 /* GameController.swift in Sources */,
				446A64AE1DC0265800D569CD /* BoutTimeGame.swift in Sources */,
				27A443141DBFC5A30066207F /* HelperTypes.swift in Sources */,
				446A64B11DC0D1FF00D569CD /* UIViewExtension.swift in Sources */,
				27A4431E1DC007D70066207F /* ErrorTypes.swift in Sources */,
				27A4432A1DC25FC40066207F /* GameResultController.swift in Sources */,
				27A4432C1DC29EAC0066207F /* InfoController.swift in Sources */,
				274C550E1DBBE2E400F7D0D2 /* AppDelegate.swift in Sources */,
			);
			runOnlyForDeploymentPostprocessing = 0;
		};
/* End PBXSourcesBuildPhase section */

/* Begin PBXVariantGroup section */
		274C55161DBBE2E400F7D0D2 /* LaunchScreen.storyboard */ = {
			isa = PBXVariantGroup;
			children = (
				274C55171DBBE2E400F7D0D2 /* Base */,
			);
			name = LaunchScreen.storyboard;
			sourceTree = "<group>";
		};
		448FC0DF1DC2D581002D517F /* Main.storyboard */ = {
			isa = PBXVariantGroup;
			children = (
				448FC0E01DC2D581002D517F /* Base */,
			);
			name = Main.storyboard;
			sourceTree = "<group>";
		};
/* End PBXVariantGroup section */

/* Begin XCBuildConfiguration section */
		274C551A1DBBE2E400F7D0D2 /* Debug */ = {
			isa = XCBuildConfiguration;
			buildSettings = {
				ALWAYS_SEARCH_USER_PATHS = NO;
				CLANG_ANALYZER_NONNULL = YES;
				CLANG_CXX_LANGUAGE_STANDARD = "gnu++0x";
				CLANG_CXX_LIBRARY = "libc++";
				CLANG_ENABLE_MODULES = YES;
				CLANG_ENABLE_OBJC_ARC = YES;
				CLANG_WARN_BOOL_CONVERSION = YES;
				CLANG_WARN_CONSTANT_CONVERSION = YES;
				CLANG_WARN_DIRECT_OBJC_ISA_USAGE = YES_ERROR;
				CLANG_WARN_DOCUMENTATION_COMMENTS = YES;
				CLANG_WARN_EMPTY_BODY = YES;
				CLANG_WARN_ENUM_CONVERSION = YES;
				CLANG_WARN_INFINITE_RECURSION = YES;
				CLANG_WARN_INT_CONVERSION = YES;
				CLANG_WARN_OBJC_ROOT_CLASS = YES_ERROR;
				CLANG_WARN_SUSPICIOUS_MOVE = YES;
				CLANG_WARN_SUSPICIOUS_MOVES = YES;
				CLANG_WARN_UNREACHABLE_CODE = YES;
				CLANG_WARN__DUPLICATE_METHOD_MATCH = YES;
				"CODE_SIGN_IDENTITY[sdk=iphoneos*]" = "iPhone Developer";
				COPY_PHASE_STRIP = NO;
				DEBUG_INFORMATION_FORMAT = dwarf;
				ENABLE_STRICT_OBJC_MSGSEND = YES;
				ENABLE_TESTABILITY = YES;
				GCC_C_LANGUAGE_STANDARD = gnu99;
				GCC_DYNAMIC_NO_PIC = NO;
				GCC_NO_COMMON_BLOCKS = YES;
				GCC_OPTIMIZATION_LEVEL = 0;
				GCC_PREPROCESSOR_DEFINITIONS = (
					"DEBUG=1",
					"$(inherited)",
				);
				GCC_WARN_64_TO_32_BIT_CONVERSION = YES;
				GCC_WARN_ABOUT_RETURN_TYPE = YES_ERROR;
				GCC_WARN_UNDECLARED_SELECTOR = YES;
				GCC_WARN_UNINITIALIZED_AUTOS = YES_AGGRESSIVE;
				GCC_WARN_UNUSED_FUNCTION = YES;
				GCC_WARN_UNUSED_VARIABLE = YES;
				IPHONEOS_DEPLOYMENT_TARGET = 10.0;
				MTL_ENABLE_DEBUG_INFO = YES;
				ONLY_ACTIVE_ARCH = YES;
				SDKROOT = iphoneos;
				SWIFT_ACTIVE_COMPILATION_CONDITIONS = DEBUG;
				SWIFT_OPTIMIZATION_LEVEL = "-Onone";
			};
			name = Debug;
		};
		274C551B1DBBE2E400F7D0D2 /* Release */ = {
			isa = XCBuildConfiguration;
			buildSettings = {
				ALWAYS_SEARCH_USER_PATHS = NO;
				CLANG_ANALYZER_NONNULL = YES;
				CLANG_CXX_LANGUAGE_STANDARD = "gnu++0x";
				CLANG_CXX_LIBRARY = "libc++";
				CLANG_ENABLE_MODULES = YES;
				CLANG_ENABLE_OBJC_ARC = YES;
				CLANG_WARN_BOOL_CONVERSION = YES;
				CLANG_WARN_CONSTANT_CONVERSION = YES;
				CLANG_WARN_DIRECT_OBJC_ISA_USAGE = YES_ERROR;
				CLANG_WARN_DOCUMENTATION_COMMENTS = YES;
				CLANG_WARN_EMPTY_BODY = YES;
				CLANG_WARN_ENUM_CONVERSION = YES;
				CLANG_WARN_INFINITE_RECURSION = YES;
				CLANG_WARN_INT_CONVERSION = YES;
				CLANG_WARN_OBJC_ROOT_CLASS = YES_ERROR;
				CLANG_WARN_SUSPICIOUS_MOVE = YES;
				CLANG_WARN_SUSPICIOUS_MOVES = YES;
				CLANG_WARN_UNREACHABLE_CODE = YES;
				CLANG_WARN__DUPLICATE_METHOD_MATCH = YES;
				"CODE_SIGN_IDENTITY[sdk=iphoneos*]" = "iPhone Developer";
				COPY_PHASE_STRIP = NO;
				DEBUG_INFORMATION_FORMAT = "dwarf-with-dsym";
				ENABLE_NS_ASSERTIONS = NO;
				ENABLE_STRICT_OBJC_MSGSEND = YES;
				GCC_C_LANGUAGE_STANDARD = gnu99;
				GCC_NO_COMMON_BLOCKS = YES;
				GCC_WARN_64_TO_32_BIT_CONVERSION = YES;
				GCC_WARN_ABOUT_RETURN_TYPE = YES_ERROR;
				GCC_WARN_UNDECLARED_SELECTOR = YES;
				GCC_WARN_UNINITIALIZED_AUTOS = YES_AGGRESSIVE;
				GCC_WARN_UNUSED_FUNCTION = YES;
				GCC_WARN_UNUSED_VARIABLE = YES;
				IPHONEOS_DEPLOYMENT_TARGET = 10.0;
				MTL_ENABLE_DEBUG_INFO = NO;
				SDKROOT = iphoneos;
				SWIFT_OPTIMIZATION_LEVEL = "-Owholemodule";
				VALIDATE_PRODUCT = YES;
			};
			name = Release;
		};
		274C551D1DBBE2E400F7D0D2 /* Debug */ = {
			isa = XCBuildConfiguration;
			buildSettings = {
				ASSETCATALOG_COMPILER_APPICON_NAME = AppIcon;
				DEVELOPMENT_TEAM = 8FN9PNN474;
				INFOPLIST_FILE = BoutTime/Info.plist;
				LD_RUNPATH_SEARCH_PATHS = "$(inherited) @executable_path/Frameworks";
				PRODUCT_BUNDLE_IDENTIFIER = com.katherineebel.BoutTime;
				PRODUCT_NAME = "$(TARGET_NAME)";
				SWIFT_VERSION = 3.0;
			};
			name = Debug;
		};
		274C551E1DBBE2E400F7D0D2 /* Release */ = {
			isa = XCBuildConfiguration;
			buildSettings = {
				ASSETCATALOG_COMPILER_APPICON_NAME = AppIcon;
				DEVELOPMENT_TEAM = 8FN9PNN474;
				INFOPLIST_FILE = BoutTime/Info.plist;
				LD_RUNPATH_SEARCH_PATHS = "$(inherited) @executable_path/Frameworks";
				PRODUCT_BUNDLE_IDENTIFIER = com.katherineebel.BoutTime;
				PRODUCT_NAME = "$(TARGET_NAME)";
				SWIFT_VERSION = 3.0;
			};
			name = Release;
		};
/* End XCBuildConfiguration section */

/* Begin XCConfigurationList section */
		274C55051DBBE2E400F7D0D2 /* Build configuration list for PBXProject "BoutTime" */ = {
			isa = XCConfigurationList;
			buildConfigurations = (
				274C551A1DBBE2E400F7D0D2 /* Debug */,
				274C551B1DBBE2E400F7D0D2 /* Release */,
			);
			defaultConfigurationIsVisible = 0;
			defaultConfigurationName = Release;
		};
		274C551C1DBBE2E400F7D0D2 /* Build configuration list for PBXNativeTarget "BoutTime" */ = {
			isa = XCConfigurationList;
			buildConfigurations = (
				274C551D1DBBE2E400F7D0D2 /* Debug */,
				274C551E1DBBE2E400F7D0D2 /* Release */,
			);
			defaultConfigurationIsVisible = 0;
			defaultConfigurationName = Release;
		};
/* End XCConfigurationList section */
	};
	rootObject = 274C55021DBBE2E400F7D0D2 /* Project object */;
}
